
Microsoft Visual Studio Solution File, Format Version 12.00
# Visual Studio Version 17
VisualStudioVersion = 17.14.36414.22 d17.14
MinimumVisualStudioVersion = 10.0.40219.1
Project("{FAE04EC0-301F-11D3-BF4B-00C04F79EFBC}") = "FormularioMVC", "FormularioMVC\FormularioMVC.csproj", "{BD0BF1A8-3F96-4160-9EDA-CEEA2D04E4CB}"
EndProject
Global
	GlobalSection(SolutionConfigurationPlatforms) = preSolution
		Debug|Any CPU = Debug|Any CPU
		Release|Any CPU = Release|Any CPU
	EndGlobalSection
	GlobalSection(ProjectConfigurationPlatforms) = postSolution
		{BD0BF1A8-3F96-4160-9EDA-CEEA2D04E4CB}.Debug|Any CPU.ActiveCfg = Debug|Any CPU
		{BD0BF1A8-3F96-4160-9EDA-CEEA2D04E4CB}.Debug|Any CPU.Build.0 = Debug|Any CPU
		{BD0BF1A8-3F96-4160-9EDA-CEEA2D04E4CB}.Release|Any CPU.ActiveCfg = Release|Any CPU
		{BD0BF1A8-3F96-4160-9EDA-CEEA2D04E4CB}.Release|Any CPU.Build.0 = Release|Any CPU
	EndGlobalSection
	GlobalSection(SolutionProperties) = preSolution
		HideSolutionNode = FALSE
	EndGlobalSection
	GlobalSection(ExtensibilityGlobals) = postSolution
		SolutionGuid = {FDEBB7D0-96CB-40F6-81DF-15F00ED20976}
	EndGlobalSection
EndGlobal
